{
  "name": "bud",
  "lockfileVersion": 2,
  "requires": true,
  "packages": {
    "": {
      "name": "bud",
      "devDependencies": {
        "js-confetti": "0.10.2",
        "svelte": "3.47.0"
      }
    },
    "node_modules/js-confetti": {
      "version": "0.10.2",
      "resolved": "https://registry.npmjs.org/js-confetti/-/js-confetti-0.10.2.tgz",
      "integrity": "sha512-/ppeGV3sOJ/DDH43ABbqe8V/9Fx5TUNkywPlXr9YK9OK6++olMtRP/yRdXftl49iTIAAdoNopkgAy3SLOgSE+A==",
      "dev": true
    },
    "node_modules/svelte": {
      "version": "3.47.0",
      "resolved": "https://registry.npmjs.org/svelte/-/svelte-3.47.0.tgz",
      "integrity": "sha512-4JaJp3HEoTCGARRWZQIZDUanhYv0iyoHikklVHVLH9xFE9db22g4TDv7CPeNA8HD1JgjXI1vlhR1JZvvhaTu2Q==",
      "dev": true,
      "engines": {
        "node": ">= 8"
      }
    }
  },
  "dependencies": {
    "js-confetti": {
      "version": "0.10.2",
      "resolved": "https://registry.npmjs.org/js-confetti/-/js-confetti-0.10.2.tgz",
      "integrity": "sha512-/ppeGV3sOJ/DDH43ABbqe8V/9Fx5TUNkywPlXr9YK9OK6++olMtRP/yRdXftl49iTIAAdoNopkgAy3SLOgSE+A==",
      "dev": true
    },
    "svelte": {
      "version": "3.47.0",
      "resolved": "https://registry.npmjs.org/svelte/-/svelte-3.47.0.tgz",
      "integrity": "sha512-4JaJp3HEoTCGARRWZQIZDUanhYv0iyoHikklVHVLH9xFE9db22g4TDv7CPeNA8HD1JgjXI1vlhR1JZvvhaTu2Q==",
      "dev": true
    }
  }
}
