{
  "name": "jack",
  "version": "1.0.0",
  "lockfileVersion": 3,
  "requires": true,
  "packages": {
    "": {
      "name": "jack",
      "version": "1.0.0",
      "license": "ISC",
      "dependencies": {
        "preact": "10.18.2",
        "preact-render-to-string": "6.3.0"
      },
      "devDependencies": {
        "typescript": "5.2.2"
      }
    },
    "node_modules/preact": {
      "version": "10.18.2",
      "resolved": "https://registry.npmjs.org/preact/-/preact-10.18.2.tgz",
      "integrity": "sha512-X/K43vocUHDg0XhWVmTTMbec4LT/iBMh+csCEqJk+pJqegaXsvjdqN80ZZ3L+93azWCnWCZ+WGwYb8SplxeNjA==",
      "funding": {
        "type": "opencollective",
        "url": "https://opencollective.com/preact"
      }
    },
    "node_modules/preact-render-to-string": {
      "version": "6.3.0",
      "resolved": "https://registry.npmjs.org/preact-render-to-string/-/preact-render-to-string-6.3.0.tgz",
      "integrity": "sha512-7t5Zd8PUPeTt0+e/S16ffJBLM8+ZDsvYrt71sbMquKND/5NWtHOSZdURCvfYFyNwbXJOlWMuEjk3qzmdIFdebw==",
      "dependencies": {
        "pretty-format": "^3.8.0"
      },
      "peerDependencies": {
        "preact": ">=10"
      }
    },
    "node_modules/pretty-format": {
      "version": "3.8.0",
      "resolved": "https://registry.npmjs.org/pretty-format/-/pretty-format-3.8.0.tgz",
      "integrity": "sha512-WuxUnVtlWL1OfZFQFuqvnvs6MiAGk9UNsBostyBOB0Is9wb5uRESevA6rnl/rkksXaGX3GzZhPup5d6Vp1nFew=="
    },
    "node_modules/typescript": {
      "version": "5.2.2",
      "resolved": "https://registry.npmjs.org/typescript/-/typescript-5.2.2.tgz",
      "integrity": "sha512-mI4WrpHsbCIcwT9cF4FZvr80QUeKvsUsUvKDoR+X/7XHQH98xYD8YHZg7ANtz2GtZt/CBq2QJ0thkGJMHfqc1w==",
      "dev": true,
      "bin": {
        "tsc": "bin/tsc",
        "tsserver": "bin/tsserver"
      },
      "engines": {
        "node": ">=14.17"
      }
    }
  }
}
